// !$*UTF8*$!
{
	archiveVersion = 1;
	classes = {
	};
	objectVersion = 48;
	objects = {

/* Begin PBXBuildFile section */
		09D9EB4B77DD5ACC833A470A /* Pods_Green_LeafUITests.framework in Frameworks */ = {isa = PBXBuildFile; fileRef = BFD52CA9949F921E8F02414A /* Pods_Green_LeafUITests.framework */; };
		4B571B8A9A6352C73BCA5662 /* Pods_Green_Leaf.framework in Frameworks */ = {isa = PBXBuildFile; fileRef = 3B7D631F9377A4D5FC34B746 /* Pods_Green_Leaf.framework */; };
		A4DB6DD7F7AD52D39F28DC1A /* Pods_Green_LeafTests.framework in Frameworks */ = {isa = PBXBuildFile; fileRef = 8A42FEF54983071C745AC48A /* Pods_Green_LeafTests.framework */; };
		D008157F2087B32B00637388 /* Extensions.swift in Sources */ = {isa = PBXBuildFile; fileRef = D008157E2087B32B00637388 /* Extensions.swift */; };
		D03333942075E03B009AE7D0 /* Products.swift in Sources */ = {isa = PBXBuildFile; fileRef = D03333932075E03B009AE7D0 /* Products.swift */; };
		D056F6892057AE3A00653D30 /* AppDelegate.swift in Sources */ = {isa = PBXBuildFile; fileRef = D056F6882057AE3A00653D30 /* AppDelegate.swift */; };
		D056F68B2057AE3A00653D30 /* HomeViewController.swift in Sources */ = {isa = PBXBuildFile; fileRef = D056F68A2057AE3A00653D30 /* HomeViewController.swift */; };
		D056F68E2057AE3A00653D30 /* Main.storyboard in Resources */ = {isa = PBXBuildFile; fileRef = D056F68C2057AE3A00653D30 /* Main.storyboard */; };
		D056F6902057AE3A00653D30 /* Assets.xcassets in Resources */ = {isa = PBXBuildFile; fileRef = D056F68F2057AE3A00653D30 /* Assets.xcassets */; };
		D056F6932057AE3A00653D30 /* LaunchScreen.storyboard in Resources */ = {isa = PBXBuildFile; fileRef = D056F6912057AE3A00653D30 /* LaunchScreen.storyboard */; };
		D056F69E2057AE3A00653D30 /* Green_LeafTests.swift in Sources */ = {isa = PBXBuildFile; fileRef = D056F69D2057AE3A00653D30 /* Green_LeafTests.swift */; };
		D056F6A92057AE3A00653D30 /* Green_LeafUITests.swift in Sources */ = {isa = PBXBuildFile; fileRef = D056F6A82057AE3A00653D30 /* Green_LeafUITests.swift */; };
		D056F6B72057AF1700653D30 /* GoogleService-Info.plist in Resources */ = {isa = PBXBuildFile; fileRef = D056F6B62057AF1700653D30 /* GoogleService-Info.plist */; };
		D056F6B82057AF1700653D30 /* GoogleService-Info.plist in Resources */ = {isa = PBXBuildFile; fileRef = D056F6B62057AF1700653D30 /* GoogleService-Info.plist */; };
		D056F6B92057AF1700653D30 /* GoogleService-Info.plist in Resources */ = {isa = PBXBuildFile; fileRef = D056F6B62057AF1700653D30 /* GoogleService-Info.plist */; };
		D0B65BB72057C6FE003511B5 /* SWRevealViewController.m in Sources */ = {isa = PBXBuildFile; fileRef = D0B65BB52057C6FD003511B5 /* SWRevealViewController.m */; };
		D0B65BBC20581C66003511B5 /* ProductDetailsVC.swift in Sources */ = {isa = PBXBuildFile; fileRef = D0B65BBB20581C66003511B5 /* ProductDetailsVC.swift */; };
		D0DD451A20590CA500C31464 /* MaterialView.swift in Sources */ = {isa = PBXBuildFile; fileRef = D0DD451920590CA400C31464 /* MaterialView.swift */; };
		D0DD451C2059137000C31464 /* itemCell.swift in Sources */ = {isa = PBXBuildFile; fileRef = D0DD451B2059137000C31464 /* itemCell.swift */; };
/* End PBXBuildFile section */

/* Begin PBXContainerItemProxy section */
		D056F69A2057AE3A00653D30 /* PBXContainerItemProxy */ = {
			isa = PBXContainerItemProxy;
			containerPortal = D056F67D2057AE3A00653D30 /* Project object */;
			proxyType = 1;
			remoteGlobalIDString = D056F6842057AE3A00653D30;
			remoteInfo = "Green Leaf";
		};
		D056F6A52057AE3A00653D30 /* PBXContainerItemProxy */ = {
			isa = PBXContainerItemProxy;
			containerPortal = D056F67D2057AE3A00653D30 /* Project object */;
			proxyType = 1;
			remoteGlobalIDString = D056F6842057AE3A00653D30;
			remoteInfo = "Green Leaf";
		};
/* End PBXContainerItemProxy section */

/* Begin PBXFileReference section */
		341680F8203AA8B0F1E941C6 /* Pods-Green Leaf.release.xcconfig */ = {isa = PBXFileReference; includeInIndex = 1; lastKnownFileType = text.xcconfig; name = "Pods-Green Leaf.release.xcconfig"; path = "Pods/Target Support Files/Pods-Green Leaf/Pods-Green Leaf.release.xcconfig"; sourceTree = "<group>"; };
		3B7D631F9377A4D5FC34B746 /* Pods_Green_Leaf.framework */ = {isa = PBXFileReference; explicitFileType = wrapper.framework; includeInIndex = 0; path = Pods_Green_Leaf.framework; sourceTree = BUILT_PRODUCTS_DIR; };
		3F24B7B243C48FAD16C86654 /* Pods-Green Leaf.debug.xcconfig */ = {isa = PBXFileReference; includeInIndex = 1; lastKnownFileType = text.xcconfig; name = "Pods-Green Leaf.debug.xcconfig"; path = "Pods/Target Support Files/Pods-Green Leaf/Pods-Green Leaf.debug.xcconfig"; sourceTree = "<group>"; };
		44C423D3495FEA75CEBD92BF /* Pods-Green LeafUITests.debug.xcconfig */ = {isa = PBXFileReference; includeInIndex = 1; lastKnownFileType = text.xcconfig; name = "Pods-Green LeafUITests.debug.xcconfig"; path = "Pods/Target Support Files/Pods-Green LeafUITests/Pods-Green LeafUITests.debug.xcconfig"; sourceTree = "<group>"; };
		6002F236CCE74CD7E364EB49 /* Pods-Green LeafTests.debug.xcconfig */ = {isa = PBXFileReference; includeInIndex = 1; lastKnownFileType = text.xcconfig; name = "Pods-Green LeafTests.debug.xcconfig"; path = "Pods/Target Support Files/Pods-Green LeafTests/Pods-Green LeafTests.debug.xcconfig"; sourceTree = "<group>"; };
		8A42FEF54983071C745AC48A /* Pods_Green_LeafTests.framework */ = {isa = PBXFileReference; explicitFileType = wrapper.framework; includeInIndex = 0; path = Pods_Green_LeafTests.framework; sourceTree = BUILT_PRODUCTS_DIR; };
		9875335E7EB7D6BE14D2EB30 /* Pods-Green LeafTests.release.xcconfig */ = {isa = PBXFileReference; includeInIndex = 1; lastKnownFileType = text.xcconfig; name = "Pods-Green LeafTests.release.xcconfig"; path = "Pods/Target Support Files/Pods-Green LeafTests/Pods-Green LeafTests.release.xcconfig"; sourceTree = "<group>"; };
		BFD52CA9949F921E8F02414A /* Pods_Green_LeafUITests.framework */ = {isa = PBXFileReference; explicitFileType = wrapper.framework; includeInIndex = 0; path = Pods_Green_LeafUITests.framework; sourceTree = BUILT_PRODUCTS_DIR; };
		D008157E2087B32B00637388 /* Extensions.swift */ = {isa = PBXFileReference; fileEncoding = 4; lastKnownFileType = sourcecode.swift; path = Extensions.swift; sourceTree = "<group>"; };
		D03333932075E03B009AE7D0 /* Products.swift */ = {isa = PBXFileReference; lastKnownFileType = sourcecode.swift; path = Products.swift; sourceTree = "<group>"; };
		D056F6852057AE3A00653D30 /* Green Leaf.app */ = {isa = PBXFileReference; explicitFileType = wrapper.application; includeInIndex = 0; path = "Green Leaf.app"; sourceTree = BUILT_PRODUCTS_DIR; };
		D056F6882057AE3A00653D30 /* AppDelegate.swift */ = {isa = PBXFileReference; lastKnownFileType = sourcecode.swift; path = AppDelegate.swift; sourceTree = "<group>"; };
		D056F68A2057AE3A00653D30 /* HomeViewController.swift */ = {isa = PBXFileReference; lastKnownFileType = sourcecode.swift; path = HomeViewController.swift; sourceTree = "<group>"; };
		D056F68D2057AE3A00653D30 /* Base */ = {isa = PBXFileReference; lastKnownFileType = file.storyboard; name = Base; path = Base.lproj/Main.storyboard; sourceTree = "<group>"; };
		D056F68F2057AE3A00653D30 /* Assets.xcassets */ = {isa = PBXFileReference; lastKnownFileType = folder.assetcatalog; path = Assets.xcassets; sourceTree = "<group>"; };
		D056F6922057AE3A00653D30 /* Base */ = {isa = PBXFileReference; lastKnownFileType = file.storyboard; name = Base; path = Base.lproj/LaunchScreen.storyboard; sourceTree = "<group>"; };
		D056F6942057AE3A00653D30 /* Info.plist */ = {isa = PBXFileReference; lastKnownFileType = text.plist.xml; path = Info.plist; sourceTree = "<group>"; };
		D056F6992057AE3A00653D30 /* Green LeafTests.xctest */ = {isa = PBXFileReference; explicitFileType = wrapper.cfbundle; includeInIndex = 0; path = "Green LeafTests.xctest"; sourceTree = BUILT_PRODUCTS_DIR; };
		D056F69D2057AE3A00653D30 /* Green_LeafTests.swift */ = {isa = PBXFileReference; lastKnownFileType = sourcecode.swift; path = Green_LeafTests.swift; sourceTree = "<group>"; };
		D056F69F2057AE3A00653D30 /* Info.plist */ = {isa = PBXFileReference; lastKnownFileType = text.plist.xml; path = Info.plist; sourceTree = "<group>"; };
		D056F6A42057AE3A00653D30 /* Green LeafUITests.xctest */ = {isa = PBXFileReference; explicitFileType = wrapper.cfbundle; includeInIndex = 0; path = "Green LeafUITests.xctest"; sourceTree = BUILT_PRODUCTS_DIR; };
		D056F6A82057AE3A00653D30 /* Green_LeafUITests.swift */ = {isa = PBXFileReference; lastKnownFileType = sourcecode.swift; path = Green_LeafUITests.swift; sourceTree = "<group>"; };
		D056F6AA2057AE3A00653D30 /* Info.plist */ = {isa = PBXFileReference; lastKnownFileType = text.plist.xml; path = Info.plist; sourceTree = "<group>"; };
		D056F6B62057AF1700653D30 /* GoogleService-Info.plist */ = {isa = PBXFileReference; fileEncoding = 4; lastKnownFileType = text.plist.xml; path = "GoogleService-Info.plist"; sourceTree = "<group>"; };
		D0B65BB42057C6FB003511B5 /* Green Leaf-Bridging-Header.h */ = {isa = PBXFileReference; lastKnownFileType = sourcecode.c.h; path = "Green Leaf-Bridging-Header.h"; sourceTree = "<group>"; };
		D0B65BB52057C6FD003511B5 /* SWRevealViewController.m */ = {isa = PBXFileReference; fileEncoding = 4; lastKnownFileType = sourcecode.c.objc; path = SWRevealViewController.m; sourceTree = "<group>"; };
		D0B65BB62057C6FD003511B5 /* SWRevealViewController.h */ = {isa = PBXFileReference; fileEncoding = 4; lastKnownFileType = sourcecode.c.h; path = SWRevealViewController.h; sourceTree = "<group>"; };
		D0B65BBB20581C66003511B5 /* ProductDetailsVC.swift */ = {isa = PBXFileReference; lastKnownFileType = sourcecode.swift; path = ProductDetailsVC.swift; sourceTree = "<group>"; };
		D0DD451920590CA400C31464 /* MaterialView.swift */ = {isa = PBXFileReference; lastKnownFileType = sourcecode.swift; path = MaterialView.swift; sourceTree = "<group>"; };
		D0DD451B2059137000C31464 /* itemCell.swift */ = {isa = PBXFileReference; lastKnownFileType = sourcecode.swift; path = itemCell.swift; sourceTree = "<group>"; };
		DE4B9B1580D67FFDCB12B281 /* Pods-Green LeafUITests.release.xcconfig */ = {isa = PBXFileReference; includeInIndex = 1; lastKnownFileType = text.xcconfig; name = "Pods-Green LeafUITests.release.xcconfig"; path = "Pods/Target Support Files/Pods-Green LeafUITests/Pods-Green LeafUITests.release.xcconfig"; sourceTree = "<group>"; };
/* End PBXFileReference section */

/* Begin PBXFrameworksBuildPhase section */
		D056F6822057AE3A00653D30 /* Frameworks */ = {
			isa = PBXFrameworksBuildPhase;
			buildActionMask = 2147483647;
			files = (
				4B571B8A9A6352C73BCA5662 /* Pods_Green_Leaf.framework in Frameworks */,
			);
			runOnlyForDeploymentPostprocessing = 0;
		};
		D056F6962057AE3A00653D30 /* Frameworks */ = {
			isa = PBXFrameworksBuildPhase;
			buildActionMask = 2147483647;
			files = (
				A4DB6DD7F7AD52D39F28DC1A /* Pods_Green_LeafTests.framework in Frameworks */,
			);
			runOnlyForDeploymentPostprocessing = 0;
		};
		D056F6A12057AE3A00653D30 /* Frameworks */ = {
			isa = PBXFrameworksBuildPhase;
			buildActionMask = 2147483647;
			files = (
				09D9EB4B77DD5ACC833A470A /* Pods_Green_LeafUITests.framework in Frameworks */,
			);
			runOnlyForDeploymentPostprocessing = 0;
		};
/* End PBXFrameworksBuildPhase section */

/* Begin PBXGroup section */
		11FC5E4E60AA9380BFA10F96 /* Pods */ = {
			isa = PBXGroup;
			children = (
				3F24B7B243C48FAD16C86654 /* Pods-Green Leaf.debug.xcconfig */,
				341680F8203AA8B0F1E941C6 /* Pods-Green Leaf.release.xcconfig */,
				6002F236CCE74CD7E364EB49 /* Pods-Green LeafTests.debug.xcconfig */,
				9875335E7EB7D6BE14D2EB30 /* Pods-Green LeafTests.release.xcconfig */,
				44C423D3495FEA75CEBD92BF /* Pods-Green LeafUITests.debug.xcconfig */,
				DE4B9B1580D67FFDCB12B281 /* Pods-Green LeafUITests.release.xcconfig */,
			);
			name = Pods;
			sourceTree = "<group>";
		};
		926C3248B398BE0A30C02FC6 /* Frameworks */ = {
			isa = PBXGroup;
			children = (
				3B7D631F9377A4D5FC34B746 /* Pods_Green_Leaf.framework */,
				8A42FEF54983071C745AC48A /* Pods_Green_LeafTests.framework */,
				BFD52CA9949F921E8F02414A /* Pods_Green_LeafUITests.framework */,
			);
			name = Frameworks;
			sourceTree = "<group>";
		};
		D056F67C2057AE3A00653D30 = {
			isa = PBXGroup;
			children = (
				D056F6872057AE3A00653D30 /* Green Leaf */,
				D056F69C2057AE3A00653D30 /* Green LeafTests */,
				D056F6A72057AE3A00653D30 /* Green LeafUITests */,
				D056F6862057AE3A00653D30 /* Products */,
				11FC5E4E60AA9380BFA10F96 /* Pods */,
				926C3248B398BE0A30C02FC6 /* Frameworks */,
			);
			sourceTree = "<group>";
		};
		D056F6862057AE3A00653D30 /* Products */ = {
			isa = PBXGroup;
			children = (
				D056F6852057AE3A00653D30 /* Green Leaf.app */,
				D056F6992057AE3A00653D30 /* Green LeafTests.xctest */,
				D056F6A42057AE3A00653D30 /* Green LeafUITests.xctest */,
			);
			name = Products;
			sourceTree = "<group>";
		};
		D056F6872057AE3A00653D30 /* Green Leaf */ = {
			isa = PBXGroup;
			children = (
				D0DD451820590C8400C31464 /* View */,
				D056F68A2057AE3A00653D30 /* HomeViewController.swift */,
				D0B65BBB20581C66003511B5 /* ProductDetailsVC.swift */,
				D03333932075E03B009AE7D0 /* Products.swift */,
				D0DD451B2059137000C31464 /* itemCell.swift */,
				D056F68C2057AE3A00653D30 /* Main.storyboard */,
				D056F68F2057AE3A00653D30 /* Assets.xcassets */,
				D0B65BB42057C6FB003511B5 /* Green Leaf-Bridging-Header.h */,
				D056F6942057AE3A00653D30 /* Info.plist */,
				D056F6B62057AF1700653D30 /* GoogleService-Info.plist */,
				D056F6882057AE3A00653D30 /* AppDelegate.swift */,
				D0B65BB62057C6FD003511B5 /* SWRevealViewController.h */,
				D0B65BB52057C6FD003511B5 /* SWRevealViewController.m */,
				D056F6912057AE3A00653D30 /* LaunchScreen.storyboard */,
			);
			path = "Green Leaf";
			sourceTree = "<group>";
		};
		D056F69C2057AE3A00653D30 /* Green LeafTests */ = {
			isa = PBXGroup;
			children = (
				D056F69D2057AE3A00653D30 /* Green_LeafTests.swift */,
				D056F69F2057AE3A00653D30 /* Info.plist */,
			);
			path = "Green LeafTests";
			sourceTree = "<group>";
		};
		D056F6A72057AE3A00653D30 /* Green LeafUITests */ = {
			isa = PBXGroup;
			children = (
				D056F6A82057AE3A00653D30 /* Green_LeafUITests.swift */,
				D056F6AA2057AE3A00653D30 /* Info.plist */,
			);
			path = "Green LeafUITests";
			sourceTree = "<group>";
		};
		D0DD451820590C8400C31464 /* View */ = {
			isa = PBXGroup;
			children = (
				D008157E2087B32B00637388 /* Extensions.swift */,
				D0DD451920590CA400C31464 /* MaterialView.swift */,
			);
			path = View;
			sourceTree = "<group>";
		};
/* End PBXGroup section */

/* Begin PBXNativeTarget section */
		D056F6842057AE3A00653D30 /* Green Leaf */ = {
			isa = PBXNativeTarget;
			buildConfigurationList = D056F6AD2057AE3A00653D30 /* Build configuration list for PBXNativeTarget "Green Leaf" */;
			buildPhases = (
				CBF6C050792A60C37E7E1E7A /* [CP] Check Pods Manifest.lock */,
				D056F6812057AE3A00653D30 /* Sources */,
				D056F6822057AE3A00653D30 /* Frameworks */,
				D056F6832057AE3A00653D30 /* Resources */,
				6F564FB8CD9787B50B8792E8 /* [CP] Embed Pods Frameworks */,
				4326FC9F86FFD56E214B9648 /* [CP] Copy Pods Resources */,
			);
			buildRules = (
			);
			dependencies = (
			);
			name = "Green Leaf";
			productName = "Green Leaf";
			productReference = D056F6852057AE3A00653D30 /* Green Leaf.app */;
			productType = "com.apple.product-type.application";
		};
		D056F6982057AE3A00653D30 /* Green LeafTests */ = {
			isa = PBXNativeTarget;
			buildConfigurationList = D056F6B02057AE3A00653D30 /* Build configuration list for PBXNativeTarget "Green LeafTests" */;
			buildPhases = (
				EE54637A8CE1165CDB790A12 /* [CP] Check Pods Manifest.lock */,
				D056F6952057AE3A00653D30 /* Sources */,
				D056F6962057AE3A00653D30 /* Frameworks */,
				D056F6972057AE3A00653D30 /* Resources */,
				64E0457949114C3356918C4C /* [CP] Embed Pods Frameworks */,
				3539646F93A30F4FDA3EDD30 /* [CP] Copy Pods Resources */,
			);
			buildRules = (
			);
			dependencies = (
				D056F69B2057AE3A00653D30 /* PBXTargetDependency */,
			);
			name = "Green LeafTests";
			productName = "Green LeafTests";
			productReference = D056F6992057AE3A00653D30 /* Green LeafTests.xctest */;
			productType = "com.apple.product-type.bundle.unit-test";
		};
		D056F6A32057AE3A00653D30 /* Green LeafUITests */ = {
			isa = PBXNativeTarget;
			buildConfigurationList = D056F6B32057AE3A00653D30 /* Build configuration list for PBXNativeTarget "Green LeafUITests" */;
			buildPhases = (
				53B478D53DF941D04B6B2882 /* [CP] Check Pods Manifest.lock */,
				D056F6A02057AE3A00653D30 /* Sources */,
				D056F6A12057AE3A00653D30 /* Frameworks */,
				D056F6A22057AE3A00653D30 /* Resources */,
				CEAAB8AC00344274F219C6E1 /* [CP] Embed Pods Frameworks */,
				030B16875BF0A58AC428B65F /* [CP] Copy Pods Resources */,
			);
			buildRules = (
			);
			dependencies = (
				D056F6A62057AE3A00653D30 /* PBXTargetDependency */,
			);
			name = "Green LeafUITests";
			productName = "Green LeafUITests";
			productReference = D056F6A42057AE3A00653D30 /* Green LeafUITests.xctest */;
			productType = "com.apple.product-type.bundle.ui-testing";
		};
/* End PBXNativeTarget section */

/* Begin PBXProject section */
		D056F67D2057AE3A00653D30 /* Project object */ = {
			isa = PBXProject;
			attributes = {
				LastSwiftUpdateCheck = 0920;
				LastUpgradeCheck = 0920;
				ORGANIZATIONNAME = MnSoftech;
				TargetAttributes = {
					D056F6842057AE3A00653D30 = {
						CreatedOnToolsVersion = 9.2;
						LastSwiftMigration = 0920;
						ProvisioningStyle = Automatic;
					};
					D056F6982057AE3A00653D30 = {
						CreatedOnToolsVersion = 9.2;
						ProvisioningStyle = Automatic;
						TestTargetID = D056F6842057AE3A00653D30;
					};
					D056F6A32057AE3A00653D30 = {
						CreatedOnToolsVersion = 9.2;
						ProvisioningStyle = Automatic;
						TestTargetID = D056F6842057AE3A00653D30;
					};
				};
			};
			buildConfigurationList = D056F6802057AE3A00653D30 /* Build configuration list for PBXProject "Green Leaf" */;
			compatibilityVersion = "Xcode 8.0";
			developmentRegion = en;
			hasScannedForEncodings = 0;
			knownRegions = (
				en,
				Base,
			);
			mainGroup = D056F67C2057AE3A00653D30;
			productRefGroup = D056F6862057AE3A00653D30 /* Products */;
			projectDirPath = "";
			projectRoot = "";
			targets = (
				D056F6842057AE3A00653D30 /* Green Leaf */,
				D056F6982057AE3A00653D30 /* Green LeafTests */,
				D056F6A32057AE3A00653D30 /* Green LeafUITests */,
			);
		};
/* End PBXProject section */

/* Begin PBXResourcesBuildPhase section */
		D056F6832057AE3A00653D30 /* Resources */ = {
			isa = PBXResourcesBuildPhase;
			buildActionMask = 2147483647;
			files = (
				D056F6932057AE3A00653D30 /* LaunchScreen.storyboard in Resources */,
				D056F6B72057AF1700653D30 /* GoogleService-Info.plist in Resources */,
				D056F6902057AE3A00653D30 /* Assets.xcassets in Resources */,
				D056F68E2057AE3A00653D30 /* Main.storyboard in Resources */,
			);
			runOnlyForDeploymentPostprocessing = 0;
		};
		D056F6972057AE3A00653D30 /* Resources */ = {
			isa = PBXResourcesBuildPhase;
			buildActionMask = 2147483647;
			files = (
				D056F6B82057AF1700653D30 /* GoogleService-Info.plist in Resources */,
			);
			runOnlyForDeploymentPostprocessing = 0;
		};
		D056F6A22057AE3A00653D30 /* Resources */ = {
			isa = PBXResourcesBuildPhase;
			buildActionMask = 2147483647;
			files = (
				D056F6B92057AF1700653D30 /* GoogleService-Info.plist in Resources */,
			);
			runOnlyForDeploymentPostprocessing = 0;
		};
/* End PBXResourcesBuildPhase section */

/* Begin PBXShellScriptBuildPhase section */
		030B16875BF0A58AC428B65F /* [CP] Copy Pods Resources */ = {
			isa = PBXShellScriptBuildPhase;
			buildActionMask = 2147483647;
			files = (
			);
			inputPaths = (
			);
			name = "[CP] Copy Pods Resources";
			outputPaths = (
			);
			runOnlyForDeploymentPostprocessing = 0;
			shellPath = /bin/sh;
			shellScript = "\"${SRCROOT}/Pods/Target Support Files/Pods-Green LeafUITests/Pods-Green LeafUITests-resources.sh\"\n";
			showEnvVarsInLog = 0;
		};
		3539646F93A30F4FDA3EDD30 /* [CP] Copy Pods Resources */ = {
			isa = PBXShellScriptBuildPhase;
			buildActionMask = 2147483647;
			files = (
			);
			inputPaths = (
			);
			name = "[CP] Copy Pods Resources";
			outputPaths = (
			);
			runOnlyForDeploymentPostprocessing = 0;
			shellPath = /bin/sh;
			shellScript = "\"${SRCROOT}/Pods/Target Support Files/Pods-Green LeafTests/Pods-Green LeafTests-resources.sh\"\n";
			showEnvVarsInLog = 0;
		};
		4326FC9F86FFD56E214B9648 /* [CP] Copy Pods Resources */ = {
			isa = PBXShellScriptBuildPhase;
			buildActionMask = 2147483647;
			files = (
			);
			inputPaths = (
			);
			name = "[CP] Copy Pods Resources";
			outputPaths = (
			);
			runOnlyForDeploymentPostprocessing = 0;
			shellPath = /bin/sh;
			shellScript = "\"${SRCROOT}/Pods/Target Support Files/Pods-Green Leaf/Pods-Green Leaf-resources.sh\"\n";
			showEnvVarsInLog = 0;
		};
		53B478D53DF941D04B6B2882 /* [CP] Check Pods Manifest.lock */ = {
			isa = PBXShellScriptBuildPhase;
			buildActionMask = 2147483647;
			files = (
			);
			inputPaths = (
				"${PODS_PODFILE_DIR_PATH}/Podfile.lock",
				"${PODS_ROOT}/Manifest.lock",
			);
			name = "[CP] Check Pods Manifest.lock";
			outputPaths = (
				"$(DERIVED_FILE_DIR)/Pods-Green LeafUITests-checkManifestLockResult.txt",
			);
			runOnlyForDeploymentPostprocessing = 0;
			shellPath = /bin/sh;
			shellScript = "diff \"${PODS_PODFILE_DIR_PATH}/Podfile.lock\" \"${PODS_ROOT}/Manifest.lock\" > /dev/null\nif [ $? != 0 ] ; then\n    # print error to STDERR\n    echo \"error: The sandbox is not in sync with the Podfile.lock. Run 'pod install' or update your CocoaPods installation.\" >&2\n    exit 1\nfi\n# This output is used by Xcode 'outputs' to avoid re-running this script phase.\necho \"SUCCESS\" > \"${SCRIPT_OUTPUT_FILE_0}\"\n";
			showEnvVarsInLog = 0;
		};
		64E0457949114C3356918C4C /* [CP] Embed Pods Frameworks */ = {
			isa = PBXShellScriptBuildPhase;
			buildActionMask = 2147483647;
			files = (
			);
			inputPaths = (
			);
			name = "[CP] Embed Pods Frameworks";
			outputPaths = (
			);
			runOnlyForDeploymentPostprocessing = 0;
			shellPath = /bin/sh;
			shellScript = "\"${SRCROOT}/Pods/Target Support Files/Pods-Green LeafTests/Pods-Green LeafTests-frameworks.sh\"\n";
			showEnvVarsInLog = 0;
		};
		6F564FB8CD9787B50B8792E8 /* [CP] Embed Pods Frameworks */ = {
			isa = PBXShellScriptBuildPhase;
			buildActionMask = 2147483647;
			files = (
			);
			inputPaths = (
				"${SRCROOT}/Pods/Target Support Files/Pods-Green Leaf/Pods-Green Leaf-frameworks.sh",
				"${BUILT_PRODUCTS_DIR}/GTMSessionFetcher/GTMSessionFetcher.framework",
				"${BUILT_PRODUCTS_DIR}/GoogleToolboxForMac/GoogleToolboxForMac.framework",
				"${BUILT_PRODUCTS_DIR}/leveldb-library/leveldb.framework",
				"${BUILT_PRODUCTS_DIR}/nanopb/nanopb.framework",
			);
			name = "[CP] Embed Pods Frameworks";
			outputPaths = (
				"${TARGET_BUILD_DIR}/${FRAMEWORKS_FOLDER_PATH}/GTMSessionFetcher.framework",
				"${TARGET_BUILD_DIR}/${FRAMEWORKS_FOLDER_PATH}/GoogleToolboxForMac.framework",
				"${TARGET_BUILD_DIR}/${FRAMEWORKS_FOLDER_PATH}/leveldb.framework",
				"${TARGET_BUILD_DIR}/${FRAMEWORKS_FOLDER_PATH}/nanopb.framework",
			);
			runOnlyForDeploymentPostprocessing = 0;
			shellPath = /bin/sh;
			shellScript = "\"${SRCROOT}/Pods/Target Support Files/Pods-Green Leaf/Pods-Green Leaf-frameworks.sh\"\n";
			showEnvVarsInLog = 0;
		};
		CBF6C050792A60C37E7E1E7A /* [CP] Check Pods Manifest.lock */ = {
			isa = PBXShellScriptBuildPhase;
			buildActionMask = 2147483647;
			files = (
			);
			inputPaths = (
				"${PODS_PODFILE_DIR_PATH}/Podfile.lock",
				"${PODS_ROOT}/Manifest.lock",
			);
			name = "[CP] Check Pods Manifest.lock";
			outputPaths = (
				"$(DERIVED_FILE_DIR)/Pods-Green Leaf-checkManifestLockResult.txt",
			);
			runOnlyForDeploymentPostprocessing = 0;
			shellPath = /bin/sh;
			shellScript = "diff \"${PODS_PODFILE_DIR_PATH}/Podfile.lock\" \"${PODS_ROOT}/Manifest.lock\" > /dev/null\nif [ $? != 0 ] ; then\n    # print error to STDERR\n    echo \"error: The sandbox is not in sync with the Podfile.lock. Run 'pod install' or update your CocoaPods installation.\" >&2\n    exit 1\nfi\n# This output is used by Xcode 'outputs' to avoid re-running this script phase.\necho \"SUCCESS\" > \"${SCRIPT_OUTPUT_FILE_0}\"\n";
			showEnvVarsInLog = 0;
		};
		CEAAB8AC00344274F219C6E1 /* [CP] Embed Pods Frameworks */ = {
			isa = PBXShellScriptBuildPhase;
			buildActionMask = 2147483647;
			files = (
			);
			inputPaths = (
			);
			name = "[CP] Embed Pods Frameworks";
			outputPaths = (
			);
			runOnlyForDeploymentPostprocessing = 0;
			shellPath = /bin/sh;
			shellScript = "\"${SRCROOT}/Pods/Target Support Files/Pods-Green LeafUITests/Pods-Green LeafUITests-frameworks.sh\"\n";
			showEnvVarsInLog = 0;
		};
		EE54637A8CE1165CDB790A12 /* [CP] Check Pods Manifest.lock */ = {
			isa = PBXShellScriptBuildPhase;
			buildActionMask = 2147483647;
			files = (
			);
			inputPaths = (
				"${PODS_PODFILE_DIR_PATH}/Podfile.lock",
				"${PODS_ROOT}/Manifest.lock",
			);
			name = "[CP] Check Pods Manifest.lock";
			outputPaths = (
				"$(DERIVED_FILE_DIR)/Pods-Green LeafTests-checkManifestLockResult.txt",
			);
			runOnlyForDeploymentPostprocessing = 0;
			shellPath = /bin/sh;
			shellScript = "diff \"${PODS_PODFILE_DIR_PATH}/Podfile.lock\" \"${PODS_ROOT}/Manifest.lock\" > /dev/null\nif [ $? != 0 ] ; then\n    # print error to STDERR\n    echo \"error: The sandbox is not in sync with the Podfile.lock. Run 'pod install' or update your CocoaPods installation.\" >&2\n    exit 1\nfi\n# This output is used by Xcode 'outputs' to avoid re-running this script phase.\necho \"SUCCESS\" > \"${SCRIPT_OUTPUT_FILE_0}\"\n";
			showEnvVarsInLog = 0;
		};
/* End PBXShellScriptBuildPhase section */

/* Begin PBXSourcesBuildPhase section */
		D056F6812057AE3A00653D30 /* Sources */ = {
			isa = PBXSourcesBuildPhase;
			buildActionMask = 2147483647;
			files = (
				D056F68B2057AE3A00653D30 /* HomeViewController.swift in Sources */,
				D0B65BBC20581C66003511B5 /* ProductDetailsVC.swift in Sources */,
				D0DD451A20590CA500C31464 /* MaterialView.swift in Sources */,
				D008157F2087B32B00637388 /* Extensions.swift in Sources */,
				D03333942075E03B009AE7D0 /* Products.swift in Sources */,
				D056F6892057AE3A00653D30 /* AppDelegate.swift in Sources */,
				D0DD451C2059137000C31464 /* itemCell.swift in Sources */,
				D0B65BB72057C6FE003511B5 /* SWRevealViewController.m in Sources */,
			);
			runOnlyForDeploymentPostprocessing = 0;
		};
		D056F6952057AE3A00653D30 /* Sources */ = {
			isa = PBXSourcesBuildPhase;
			buildActionMask = 2147483647;
			files = (
				D056F69E2057AE3A00653D30 /* Green_LeafTests.swift in Sources */,
			);
			runOnlyForDeploymentPostprocessing = 0;
		};
		D056F6A02057AE3A00653D30 /* Sources */ = {
			isa = PBXSourcesBuildPhase;
			buildActionMask = 2147483647;
			files = (
				D056F6A92057AE3A00653D30 /* Green_LeafUITests.swift in Sources */,
			);
			runOnlyForDeploymentPostprocessing = 0;
		};
/* End PBXSourcesBuildPhase section */

/* Begin PBXTargetDependency section */
		D056F69B2057AE3A00653D30 /* PBXTargetDependency */ = {
			isa = PBXTargetDependency;
			target = D056F6842057AE3A00653D30 /* Green Leaf */;
			targetProxy = D056F69A2057AE3A00653D30 /* PBXContainerItemProxy */;
		};
		D056F6A62057AE3A00653D30 /* PBXTargetDependency */ = {
			isa = PBXTargetDependency;
			target = D056F6842057AE3A00653D30 /* Green Leaf */;
			targetProxy = D056F6A52057AE3A00653D30 /* PBXContainerItemProxy */;
		};
/* End PBXTargetDependency section */

/* Begin PBXVariantGroup section */
		D056F68C2057AE3A00653D30 /* Main.storyboard */ = {
			isa = PBXVariantGroup;
			children = (
				D056F68D2057AE3A00653D30 /* Base */,
			);
			name = Main.storyboard;
			sourceTree = "<group>";
		};
		D056F6912057AE3A00653D30 /* LaunchScreen.storyboard */ = {
			isa = PBXVariantGroup;
			children = (
				D056F6922057AE3A00653D30 /* Base */,
			);
			name = LaunchScreen.storyboard;
			sourceTree = "<group>";
		};
/* End PBXVariantGroup section */

/* Begin XCBuildConfiguration section */
		D056F6AB2057AE3A00653D30 /* Debug */ = {
			isa = XCBuildConfiguration;
			buildSettings = {
				ALWAYS_SEARCH_USER_PATHS = NO;
				CLANG_ANALYZER_NONNULL = YES;
				CLANG_ANALYZER_NUMBER_OBJECT_CONVERSION = YES_AGGRESSIVE;
				CLANG_CXX_LANGUAGE_STANDARD = "gnu++14";
				CLANG_CXX_LIBRARY = "libc++";
				CLANG_ENABLE_MODULES = YES;
				CLANG_ENABLE_OBJC_ARC = YES;
				CLANG_WARN_BLOCK_CAPTURE_AUTORELEASING = YES;
				CLANG_WARN_BOOL_CONVERSION = YES;
				CLANG_WARN_COMMA = YES;
				CLANG_WARN_CONSTANT_CONVERSION = YES;
				CLANG_WARN_DIRECT_OBJC_ISA_USAGE = YES_ERROR;
				CLANG_WARN_DOCUMENTATION_COMMENTS = YES;
				CLANG_WARN_EMPTY_BODY = YES;
				CLANG_WARN_ENUM_CONVERSION = YES;
				CLANG_WARN_INFINITE_RECURSION = YES;
				CLANG_WARN_INT_CONVERSION = YES;
				CLANG_WARN_NON_LITERAL_NULL_CONVERSION = YES;
				CLANG_WARN_OBJC_LITERAL_CONVERSION = YES;
				CLANG_WARN_OBJC_ROOT_CLASS = YES_ERROR;
				CLANG_WARN_RANGE_LOOP_ANALYSIS = YES;
				CLANG_WARN_STRICT_PROTOTYPES = YES;
				CLANG_WARN_SUSPICIOUS_MOVE = YES;
				CLANG_WARN_UNGUARDED_AVAILABILITY = YES_AGGRESSIVE;
				CLANG_WARN_UNREACHABLE_CODE = YES;
				CLANG_WARN__DUPLICATE_METHOD_MATCH = YES;
				CODE_SIGN_IDENTITY = "iPhone Developer";
				COPY_PHASE_STRIP = NO;
				DEBUG_INFORMATION_FORMAT = dwarf;
				ENABLE_STRICT_OBJC_MSGSEND = YES;
				ENABLE_TESTABILITY = YES;
				GCC_C_LANGUAGE_STANDARD = gnu11;
				GCC_DYNAMIC_NO_PIC = NO;
				GCC_NO_COMMON_BLOCKS = YES;
				GCC_OPTIMIZATION_LEVEL = 0;
				GCC_PREPROCESSOR_DEFINITIONS = (
					"DEBUG=1",
					"$(inherited)",
				);
				GCC_WARN_64_TO_32_BIT_CONVERSION = YES;
				GCC_WARN_ABOUT_RETURN_TYPE = YES_ERROR;
				GCC_WARN_UNDECLARED_SELECTOR = YES;
				GCC_WARN_UNINITIALIZED_AUTOS = YES_AGGRESSIVE;
				GCC_WARN_UNUSED_FUNCTION = YES;
				GCC_WARN_UNUSED_VARIABLE = YES;
				IPHONEOS_DEPLOYMENT_TARGET = 11.2;
				MTL_ENABLE_DEBUG_INFO = YES;
				ONLY_ACTIVE_ARCH = YES;
				SDKROOT = iphoneos;
				SWIFT_ACTIVE_COMPILATION_CONDITIONS = DEBUG;
				SWIFT_OPTIMIZATION_LEVEL = "-Onone";
			};
			name = Debug;
		};
		D056F6AC2057AE3A00653D30 /* Release */ = {
			isa = XCBuildConfiguration;
			buildSettings = {
				ALWAYS_SEARCH_USER_PATHS = NO;
				CLANG_ANALYZER_NONNULL = YES;
				CLANG_ANALYZER_NUMBER_OBJECT_CONVERSION = YES_AGGRESSIVE;
				CLANG_CXX_LANGUAGE_STANDARD = "gnu++14";
				CLANG_CXX_LIBRARY = "libc++";
				CLANG_ENABLE_MODULES = YES;
				CLANG_ENABLE_OBJC_ARC = YES;
				CLANG_WARN_BLOCK_CAPTURE_AUTORELEASING = YES;
				CLANG_WARN_BOOL_CONVERSION = YES;
				CLANG_WARN_COMMA = YES;
				CLANG_WARN_CONSTANT_CONVERSION = YES;
				CLANG_WARN_DIRECT_OBJC_ISA_USAGE = YES_ERROR;
				CLANG_WARN_DOCUMENTATION_COMMENTS = YES;
				CLANG_WARN_EMPTY_BODY = YES;
				CLANG_WARN_ENUM_CONVERSION = YES;
				CLANG_WARN_INFINITE_RECURSION = YES;
				CLANG_WARN_INT_CONVERSION = YES;
				CLANG_WARN_NON_LITERAL_NULL_CONVERSION = YES;
				CLANG_WARN_OBJC_LITERAL_CONVERSION = YES;
				CLANG_WARN_OBJC_ROOT_CLASS = YES_ERROR;
				CLANG_WARN_RANGE_LOOP_ANALYSIS = YES;
				CLANG_WARN_STRICT_PROTOTYPES = YES;
				CLANG_WARN_SUSPICIOUS_MOVE = YES;
				CLANG_WARN_UNGUARDED_AVAILABILITY = YES_AGGRESSIVE;
				CLANG_WARN_UNREACHABLE_CODE = YES;
				CLANG_WARN__DUPLICATE_METHOD_MATCH = YES;
				CODE_SIGN_IDENTITY = "iPhone Developer";
				COPY_PHASE_STRIP = NO;
				DEBUG_INFORMATION_FORMAT = "dwarf-with-dsym";
				ENABLE_NS_ASSERTIONS = NO;
				ENABLE_STRICT_OBJC_MSGSEND = YES;
				GCC_C_LANGUAGE_STANDARD = gnu11;
				GCC_NO_COMMON_BLOCKS = YES;
				GCC_WARN_64_TO_32_BIT_CONVERSION = YES;
				GCC_WARN_ABOUT_RETURN_TYPE = YES_ERROR;
				GCC_WARN_UNDECLARED_SELECTOR = YES;
				GCC_WARN_UNINITIALIZED_AUTOS = YES_AGGRESSIVE;
				GCC_WARN_UNUSED_FUNCTION = YES;
				GCC_WARN_UNUSED_VARIABLE = YES;
				IPHONEOS_DEPLOYMENT_TARGET = 11.2;
				MTL_ENABLE_DEBUG_INFO = NO;
				SDKROOT = iphoneos;
				SWIFT_OPTIMIZATION_LEVEL = "-Owholemodule";
				VALIDATE_PRODUCT = YES;
			};
			name = Release;
		};
		D056F6AE2057AE3A00653D30 /* Debug */ = {
			isa = XCBuildConfiguration;
			baseConfigurationReference = 3F24B7B243C48FAD16C86654 /* Pods-Green Leaf.debug.xcconfig */;
			buildSettings = {
				ASSETCATALOG_COMPILER_APPICON_NAME = AppIcon;
				CLANG_ENABLE_MODULES = YES;
				CODE_SIGN_STYLE = Automatic;
				DEVELOPMENT_TEAM = R2HK8875FX;
				INFOPLIST_FILE = "Green Leaf/Info.plist";
				LD_RUNPATH_SEARCH_PATHS = "$(inherited) @executable_path/Frameworks";
				PRODUCT_BUNDLE_IDENTIFIER = "edu.mnsoftech.Green-Leaf";
				PRODUCT_NAME = "$(TARGET_NAME)";
				SWIFT_OBJC_BRIDGING_HEADER = "Green Leaf/Green Leaf-Bridging-Header.h";
				SWIFT_OPTIMIZATION_LEVEL = "-Onone";
				SWIFT_VERSION = 4.0;
				TARGETED_DEVICE_FAMILY = "1,2";
			};
			name = Debug;
		};
		D056F6AF2057AE3A00653D30 /* Release */ = {
			isa = XCBuildConfiguration;
			baseConfigurationReference = 341680F8203AA8B0F1E941C6 /* Pods-Green Leaf.release.xcconfig */;
			buildSettings = {
				ASSETCATALOG_COMPILER_APPICON_NAME = AppIcon;
				CLANG_ENABLE_MODULES = YES;
				CODE_SIGN_STYLE = Automatic;
				DEVELOPMENT_TEAM = R2HK8875FX;
				INFOPLIST_FILE = "Green Leaf/Info.plist";
				LD_RUNPATH_SEARCH_PATHS = "$(inherited) @executable_path/Frameworks";
				PRODUCT_BUNDLE_IDENTIFIER = "edu.mnsoftech.Green-Leaf";
				PRODUCT_NAME = "$(TARGET_NAME)";
				SWIFT_OBJC_BRIDGING_HEADER = "Green Leaf/Green Leaf-Bridging-Header.h";
				SWIFT_VERSION = 4.0;
				TARGETED_DEVICE_FAMILY = "1,2";
			};
			name = Release;
		};
		D056F6B12057AE3A00653D30 /* Debug */ = {
			isa = XCBuildConfiguration;
			baseConfigurationReference = 6002F236CCE74CD7E364EB49 /* Pods-Green LeafTests.debug.xcconfig */;
			buildSettings = {
				ALWAYS_EMBED_SWIFT_STANDARD_LIBRARIES = YES;
				BUNDLE_LOADER = "$(TEST_HOST)";
				CODE_SIGN_STYLE = Automatic;
				DEVELOPMENT_TEAM = GD9NSD28HW;
				INFOPLIST_FILE = "Green LeafTests/Info.plist";
				LD_RUNPATH_SEARCH_PATHS = "$(inherited) @executable_path/Frameworks @loader_path/Frameworks";
				PRODUCT_BUNDLE_IDENTIFIER = "edu.mnsoftech.Green-LeafTests";
				PRODUCT_NAME = "$(TARGET_NAME)";
				SWIFT_VERSION = 4.0;
				TARGETED_DEVICE_FAMILY = "1,2";
				TEST_HOST = "$(BUILT_PRODUCTS_DIR)/Green Leaf.app/Green Leaf";
			};
			name = Debug;
		};
		D056F6B22057AE3A00653D30 /* Release */ = {
			isa = XCBuildConfiguration;
			baseConfigurationReference = 9875335E7EB7D6BE14D2EB30 /* Pods-Green LeafTests.release.xcconfig */;
			buildSettings = {
				ALWAYS_EMBED_SWIFT_STANDARD_LIBRARIES = YES;
				BUNDLE_LOADER = "$(TEST_HOST)";
				CODE_SIGN_STYLE = Automatic;
				DEVELOPMENT_TEAM = GD9NSD28HW;
				INFOPLIST_FILE = "Green LeafTests/Info.plist";
				LD_RUNPATH_SEARCH_PATHS = "$(inherited) @executable_path/Frameworks @loader_path/Frameworks";
				PRODUCT_BUNDLE_IDENTIFIER = "edu.mnsoftech.Green-LeafTests";
				PRODUCT_NAME = "$(TARGET_NAME)";
				SWIFT_VERSION = 4.0;
				TARGETED_DEVICE_FAMILY = "1,2";
				TEST_HOST = "$(BUILT_PRODUCTS_DIR)/Green Leaf.app/Green Leaf";
			};
			name = Release;
		};
		D056F6B42057AE3A00653D30 /* Debug */ = {
			isa = XCBuildConfiguration;
			baseConfigurationReference = 44C423D3495FEA75CEBD92BF /* Pods-Green LeafUITests.debug.xcconfig */;
			buildSettings = {
				ALWAYS_EMBED_SWIFT_STANDARD_LIBRARIES = YES;
				CODE_SIGN_STYLE = Automatic;
				DEVELOPMENT_TEAM = GD9NSD28HW;
				INFOPLIST_FILE = "Green LeafUITests/Info.plist";
				LD_RUNPATH_SEARCH_PATHS = "$(inherited) @executable_path/Frameworks @loader_path/Frameworks";
				PRODUCT_BUNDLE_IDENTIFIER = "edu.mnsoftech.Green-LeafUITests";
				PRODUCT_NAME = "$(TARGET_NAME)";
				SWIFT_VERSION = 4.0;
				TARGETED_DEVICE_FAMILY = "1,2";
				TEST_TARGET_NAME = "Green Leaf";
			};
			name = Debug;
		};
		D056F6B52057AE3A00653D30 /* Release */ = {
			isa = XCBuildConfiguration;
			baseConfigurationReference = DE4B9B1580D67FFDCB12B281 /* Pods-Green LeafUITests.release.xcconfig */;
			buildSettings = {
				ALWAYS_EMBED_SWIFT_STANDARD_LIBRARIES = YES;
				CODE_SIGN_STYLE = Automatic;
				DEVELOPMENT_TEAM = GD9NSD28HW;
				INFOPLIST_FILE = "Green LeafUITests/Info.plist";
				LD_RUNPATH_SEARCH_PATHS = "$(inherited) @executable_path/Frameworks @loader_path/Frameworks";
				PRODUCT_BUNDLE_IDENTIFIER = "edu.mnsoftech.Green-LeafUITests";
				PRODUCT_NAME = "$(TARGET_NAME)";
				SWIFT_VERSION = 4.0;
				TARGETED_DEVICE_FAMILY = "1,2";
				TEST_TARGET_NAME = "Green Leaf";
			};
			name = Release;
		};
/* End XCBuildConfiguration section */

/* Begin XCConfigurationList section */
		D056F6802057AE3A00653D30 /* Build configuration list for PBXProject "Green Leaf" */ = {
			isa = XCConfigurationList;
			buildConfigurations = (
				D056F6AB2057AE3A00653D30 /* Debug */,
				D056F6AC2057AE3A00653D30 /* Release */,
			);
			defaultConfigurationIsVisible = 0;
			defaultConfigurationName = Release;
		};
		D056F6AD2057AE3A00653D30 /* Build configuration list for PBXNativeTarget "Green Leaf" */ = {
			isa = XCConfigurationList;
			buildConfigurations = (
				D056F6AE2057AE3A00653D30 /* Debug */,
				D056F6AF2057AE3A00653D30 /* Release */,
			);
			defaultConfigurationIsVisible = 0;
			defaultConfigurationName = Release;
		};
		D056F6B02057AE3A00653D30 /* Build configuration list for PBXNativeTarget "Green LeafTests" */ = {
			isa = XCConfigurationList;
			buildConfigurations = (
				D056F6B12057AE3A00653D30 /* Debug */,
				D056F6B22057AE3A00653D30 /* Release */,
			);
			defaultConfigurationIsVisible = 0;
			defaultConfigurationName = Release;
		};
		D056F6B32057AE3A00653D30 /* Build configuration list for PBXNativeTarget "Green LeafUITests" */ = {
			isa = XCConfigurationList;
			buildConfigurations = (
				D056F6B42057AE3A00653D30 /* Debug */,
				D056F6B52057AE3A00653D30 /* Release */,
			);
			defaultConfigurationIsVisible = 0;
			defaultConfigurationName = Release;
		};
/* End XCConfigurationList section */
	};
	rootObject = D056F67D2057AE3A00653D30 /* Project object */;
}
